{
  "name": "typescript-react-practice",
  "version": "1.0.0",
  "lockfileVersion": 3,
  "requires": true,
  "packages": {
    "": {
      "name": "typescript-react-practice",
      "version": "1.0.0",
      "devDependencies": {
        "@types/jest": "file:...",
        "jest": "file:...",
        "ts-jest": "file:..."
      }
    },
    "...": {
      "dev": true
    },
    "node_modules/@types/jest": {
      "resolved": "...",
      "link": true
    },
    "node_modules/jest": {
      "resolved": "...",
      "link": true
    },
    "node_modules/ts-jest": {
      "resolved": "...",
      "link": true
    }
  }
}
